
Microsoft Visual Studio Solution File, Format Version 12.00
# Visual Studio Version 17
VisualStudioVersion = 17.14.36301.6
MinimumVisualStudioVersion = 10.0.40219.1
Project("{FAE04EC0-301F-11D3-BF4B-00C04F79EFBC}") = "Waterloo", "Waterloo.csproj", "{6A568188-D8FA-4DA5-81F9-87B122B27255}"
EndProject
Project("{FAE04EC0-301F-11D3-BF4B-00C04F79EFBC}") = "Waterloo.Repository", "..\Waterloo.Repository\Waterloo.Repository.csproj", "{C75E1258-9AD7-4C67-B114-DC3221D34A06}"
EndProject
Project("{FAE04EC0-301F-11D3-BF4B-00C04F79EFBC}") = "Waterloo.Repository.Unit.Tests", "..\Waterloo.Repository.Unit.Tests\Waterloo.Repository.Unit.Tests.csproj", "{9559FA21-2975-446A-ABF0-6ED31F79820F}"
EndProject
Project("{FAE04EC0-301F-11D3-BF4B-00C04F79EFBC}") = "Waterloo.Integration.Tests", "..\Waterloo.Integration.Tests\Waterloo.Integration.Tests.csproj", "{D0E02F3C-EEDE-4AA1-8221-3E98DFD92B0E}"
EndProject
Project("{FAE04EC0-301F-11D3-BF4B-00C04F79EFBC}") = "Waterloo.Model", "..\Waterloo.Model\Waterloo.Model.csproj", "{94132AF3-D77E-42AC-A799-673A8FE988ED}"
EndProject
Global
	GlobalSection(SolutionConfigurationPlatforms) = preSolution
		Debug|Any CPU = Debug|Any CPU
		Release|Any CPU = Release|Any CPU
	EndGlobalSection
	GlobalSection(ProjectConfigurationPlatforms) = postSolution
		{6A568188-D8FA-4DA5-81F9-87B122B27255}.Debug|Any CPU.ActiveCfg = Debug|Any CPU
		{6A568188-D8FA-4DA5-81F9-87B122B27255}.Debug|Any CPU.Build.0 = Debug|Any CPU
		{6A568188-D8FA-4DA5-81F9-87B122B27255}.Release|Any CPU.ActiveCfg = Release|Any CPU
		{6A568188-D8FA-4DA5-81F9-87B122B27255}.Release|Any CPU.Build.0 = Release|Any CPU
		{C75E1258-9AD7-4C67-B114-DC3221D34A06}.Debug|Any CPU.ActiveCfg = Debug|Any CPU
		{C75E1258-9AD7-4C67-B114-DC3221D34A06}.Debug|Any CPU.Build.0 = Debug|Any CPU
		{C75E1258-9AD7-4C67-B114-DC3221D34A06}.Release|Any CPU.ActiveCfg = Release|Any CPU
		{C75E1258-9AD7-4C67-B114-DC3221D34A06}.Release|Any CPU.Build.0 = Release|Any CPU
		{9559FA21-2975-446A-ABF0-6ED31F79820F}.Debug|Any CPU.ActiveCfg = Debug|Any CPU
		{9559FA21-2975-446A-ABF0-6ED31F79820F}.Debug|Any CPU.Build.0 = Debug|Any CPU
		{9559FA21-2975-446A-ABF0-6ED31F79820F}.Release|Any CPU.ActiveCfg = Release|Any CPU
		{9559FA21-2975-446A-ABF0-6ED31F79820F}.Release|Any CPU.Build.0 = Release|Any CPU
		{D0E02F3C-EEDE-4AA1-8221-3E98DFD92B0E}.Debug|Any CPU.ActiveCfg = Debug|Any CPU
		{D0E02F3C-EEDE-4AA1-8221-3E98DFD92B0E}.Debug|Any CPU.Build.0 = Debug|Any CPU
		{D0E02F3C-EEDE-4AA1-8221-3E98DFD92B0E}.Release|Any CPU.ActiveCfg = Release|Any CPU
		{D0E02F3C-EEDE-4AA1-8221-3E98DFD92B0E}.Release|Any CPU.Build.0 = Release|Any CPU
		{94132AF3-D77E-42AC-A799-673A8FE988ED}.Debug|Any CPU.ActiveCfg = Debug|Any CPU
		{94132AF3-D77E-42AC-A799-673A8FE988ED}.Debug|Any CPU.Build.0 = Debug|Any CPU
		{94132AF3-D77E-42AC-A799-673A8FE988ED}.Release|Any CPU.ActiveCfg = Release|Any CPU
		{94132AF3-D77E-42AC-A799-673A8FE988ED}.Release|Any CPU.Build.0 = Release|Any CPU
	EndGlobalSection
	GlobalSection(SolutionProperties) = preSolution
		HideSolutionNode = FALSE
	EndGlobalSection
	GlobalSection(ExtensibilityGlobals) = postSolution
		SolutionGuid = {AF137303-B78F-48A1-B972-05F9049AF0E1}
	EndGlobalSection
EndGlobal
